
Microsoft Visual Studio Solution File, Format Version 12.00
# Visual Studio 15
VisualStudioVersion = 15.0.27130.2026
MinimumVisualStudioVersion = 10.0.40219.1
Project("{FAE04EC0-301F-11D3-BF4B-00C04F79EFBC}") = "syncservertrigger", "syncservertrigger\syncservertrigger.csproj", "{0BB39F32-363E-40CD-A58E-9FDB7EBBEDCD}"
EndProject
Project("{FAE04EC0-301F-11D3-BF4B-00C04F79EFBC}") = "syncservertriggertests", "syncservertriggertests\syncservertriggertests.csproj", "{073D5782-47D2-4C42-9EFC-F8CD630568E3}"
EndProject
Global
	GlobalSection(SolutionConfigurationPlatforms) = preSolution
		Debug_Mono|Any CPU = Debug_Mono|Any CPU
		Debug|Any CPU = Debug|Any CPU
		Release_Mono|Any CPU = Release_Mono|Any CPU
		Release|Any CPU = Release|Any CPU
	EndGlobalSection
	GlobalSection(ProjectConfigurationPlatforms) = postSolution
		{0BB39F32-363E-40CD-A58E-9FDB7EBBEDCD}.Debug_Mono|Any CPU.ActiveCfg = Debug_Mono|Any CPU
		{0BB39F32-363E-40CD-A58E-9FDB7EBBEDCD}.Debug_Mono|Any CPU.Build.0 = Debug_Mono|Any CPU
		{0BB39F32-363E-40CD-A58E-9FDB7EBBEDCD}.Debug|Any CPU.ActiveCfg = Debug|Any CPU
		{0BB39F32-363E-40CD-A58E-9FDB7EBBEDCD}.Debug|Any CPU.Build.0 = Debug|Any CPU
		{0BB39F32-363E-40CD-A58E-9FDB7EBBEDCD}.Release_Mono|Any CPU.ActiveCfg = Release_Mono|Any CPU
		{0BB39F32-363E-40CD-A58E-9FDB7EBBEDCD}.Release_Mono|Any CPU.Build.0 = Release_Mono|Any CPU
		{0BB39F32-363E-40CD-A58E-9FDB7EBBEDCD}.Release|Any CPU.ActiveCfg = Release|Any CPU
		{0BB39F32-363E-40CD-A58E-9FDB7EBBEDCD}.Release|Any CPU.Build.0 = Release|Any CPU
		{073D5782-47D2-4C42-9EFC-F8CD630568E3}.Debug_Mono|Any CPU.ActiveCfg = Debug_Mono|Any CPU
		{073D5782-47D2-4C42-9EFC-F8CD630568E3}.Debug_Mono|Any CPU.Build.0 = Debug_Mono|Any CPU
		{073D5782-47D2-4C42-9EFC-F8CD630568E3}.Debug|Any CPU.ActiveCfg = Debug|Any CPU
		{073D5782-47D2-4C42-9EFC-F8CD630568E3}.Debug|Any CPU.Build.0 = Debug|Any CPU
		{073D5782-47D2-4C42-9EFC-F8CD630568E3}.Release_Mono|Any CPU.ActiveCfg = Release_Mono|Any CPU
		{073D5782-47D2-4C42-9EFC-F8CD630568E3}.Release_Mono|Any CPU.Build.0 = Release_Mono|Any CPU
		{073D5782-47D2-4C42-9EFC-F8CD630568E3}.Release|Any CPU.ActiveCfg = Release|Any CPU
		{073D5782-47D2-4C42-9EFC-F8CD630568E3}.Release|Any CPU.Build.0 = Release|Any CPU
	EndGlobalSection
	GlobalSection(SolutionProperties) = preSolution
		HideSolutionNode = FALSE
	EndGlobalSection
	GlobalSection(ExtensibilityGlobals) = postSolution
		SolutionGuid = {DB6AC0C3-87A5-43D6-A2AF-A0515807D81E}
	EndGlobalSection
EndGlobal
